
Microsoft Visual Studio Solution File, Format Version 12.00
# Visual Studio Version 16
VisualStudioVersion = 16.0.33529.622
MinimumVisualStudioVersion = 10.0.40219.1
Project("{FAE04EC0-301F-11D3-BF4B-00C04F79EFBC}") = "CursoCs", "CursoCs\CursoCs.csproj", "{51768B82-EFCD-4892-A464-6206ADB4829F}"
EndProject
Global
	GlobalSection(SolutionConfigurationPlatforms) = preSolution
		Debug|Any CPU = Debug|Any CPU
		Release|Any CPU = Release|Any CPU
	EndGlobalSection
	GlobalSection(ProjectConfigurationPlatforms) = postSolution
		{51768B82-EFCD-4892-A464-6206ADB4829F}.Debug|Any CPU.ActiveCfg = Debug|Any CPU
		{51768B82-EFCD-4892-A464-6206ADB4829F}.Debug|Any CPU.Build.0 = Debug|Any CPU
		{51768B82-EFCD-4892-A464-6206ADB4829F}.Release|Any CPU.ActiveCfg = Release|Any CPU
		{51768B82-EFCD-4892-A464-6206ADB4829F}.Release|Any CPU.Build.0 = Release|Any CPU
	EndGlobalSection
	GlobalSection(SolutionProperties) = preSolution
		HideSolutionNode = FALSE
	EndGlobalSection
	GlobalSection(ExtensibilityGlobals) = postSolution
		SolutionGuid = {91B53370-2D52-401F-AB0E-2D9458D3845E}
	EndGlobalSection
EndGlobal
